
Microsoft Visual Studio Solution File, Format Version 12.00
# Visual Studio 15
VisualStudioVersion = 15.0.33026.149
MinimumVisualStudioVersion = 10.0.40219.1
Project("{FAE04EC0-301F-11D3-BF4B-00C04F79EFBC}") = "WebApplication_LINE", "WebApplication_LINE\WebApplication_LINE.csproj", "{D953A325-6436-438C-B123-F93C06D507EB}"
EndProject
Global
	GlobalSection(SolutionConfigurationPlatforms) = preSolution
		Debug|Any CPU = Debug|Any CPU
		Release|Any CPU = Release|Any CPU
	EndGlobalSection
	GlobalSection(ProjectConfigurationPlatforms) = postSolution
		{D953A325-6436-438C-B123-F93C06D507EB}.Debug|Any CPU.ActiveCfg = Debug|Any CPU
		{D953A325-6436-438C-B123-F93C06D507EB}.Debug|Any CPU.Build.0 = Debug|Any CPU
		{D953A325-6436-438C-B123-F93C06D507EB}.Release|Any CPU.ActiveCfg = Release|Any CPU
		{D953A325-6436-438C-B123-F93C06D507EB}.Release|Any CPU.Build.0 = Release|Any CPU
	EndGlobalSection
	GlobalSection(SolutionProperties) = preSolution
		HideSolutionNode = FALSE
	EndGlobalSection
	GlobalSection(ExtensibilityGlobals) = postSolution
		SolutionGuid = {C61B4A6E-1946-48BA-9378-9E7C96AAC6FA}
	EndGlobalSection
EndGlobal
